
Microsoft Visual Studio Solution File, Format Version 12.00
# Visual Studio Version 17
VisualStudioVersion = 17.12.35527.113 d17.12
MinimumVisualStudioVersion = 10.0.40219.1
Project("{FAE04EC0-301F-11D3-BF4B-00C04F79EFBC}") = "Api", "Api\Api.csproj", "{49ABD2C5-05C1-4ABB-86FF-3DDF2ECC5B2C}"
EndProject
Project("{FAE04EC0-301F-11D3-BF4B-00C04F79EFBC}") = "Domain", "Domain\Domain.csproj", "{0FD5F336-5D9E-4DD9-8A7A-9B4C6E920B8F}"
EndProject
Project("{FAE04EC0-301F-11D3-BF4B-00C04F79EFBC}") = "Infrastructure", "Infrastructure\Infrastructure.csproj", "{DDC99E6B-0E24-498D-9D19-D7BD291CFD10}"
EndProject
Global
	GlobalSection(SolutionConfigurationPlatforms) = preSolution
		Debug|Any CPU = Debug|Any CPU
		Release|Any CPU = Release|Any CPU
	EndGlobalSection
	GlobalSection(ProjectConfigurationPlatforms) = postSolution
		{49ABD2C5-05C1-4ABB-86FF-3DDF2ECC5B2C}.Debug|Any CPU.ActiveCfg = Debug|Any CPU
		{49ABD2C5-05C1-4ABB-86FF-3DDF2ECC5B2C}.Debug|Any CPU.Build.0 = Debug|Any CPU
		{49ABD2C5-05C1-4ABB-86FF-3DDF2ECC5B2C}.Release|Any CPU.ActiveCfg = Release|Any CPU
		{49ABD2C5-05C1-4ABB-86FF-3DDF2ECC5B2C}.Release|Any CPU.Build.0 = Release|Any CPU
		{0FD5F336-5D9E-4DD9-8A7A-9B4C6E920B8F}.Debug|Any CPU.ActiveCfg = Debug|Any CPU
		{0FD5F336-5D9E-4DD9-8A7A-9B4C6E920B8F}.Debug|Any CPU.Build.0 = Debug|Any CPU
		{0FD5F336-5D9E-4DD9-8A7A-9B4C6E920B8F}.Release|Any CPU.ActiveCfg = Release|Any CPU
		{0FD5F336-5D9E-4DD9-8A7A-9B4C6E920B8F}.Release|Any CPU.Build.0 = Release|Any CPU
		{DDC99E6B-0E24-498D-9D19-D7BD291CFD10}.Debug|Any CPU.ActiveCfg = Debug|Any CPU
		{DDC99E6B-0E24-498D-9D19-D7BD291CFD10}.Debug|Any CPU.Build.0 = Debug|Any CPU
		{DDC99E6B-0E24-498D-9D19-D7BD291CFD10}.Release|Any CPU.ActiveCfg = Release|Any CPU
		{DDC99E6B-0E24-498D-9D19-D7BD291CFD10}.Release|Any CPU.Build.0 = Release|Any CPU
	EndGlobalSection
	GlobalSection(SolutionProperties) = preSolution
		HideSolutionNode = FALSE
	EndGlobalSection
EndGlobal
